
Microsoft Visual Studio Solution File, Format Version 12.00
# Visual Studio Version 16
VisualStudioVersion = 16.0.29318.209
MinimumVisualStudioVersion = 10.0.40219.1
Project("{FAE04EC0-301F-11D3-BF4B-00C04F79EFBC}") = "Lanyards", "Lanyards\Lanyards.csproj", "{7F5EA7C5-EEE2-48F2-99F2-2D409A6D4229}"
EndProject
Global
	GlobalSection(SolutionConfigurationPlatforms) = preSolution
		Debug|Any CPU = Debug|Any CPU
		Release|Any CPU = Release|Any CPU
	EndGlobalSection
	GlobalSection(ProjectConfigurationPlatforms) = postSolution
		{7F5EA7C5-EEE2-48F2-99F2-2D409A6D4229}.Debug|Any CPU.ActiveCfg = Debug|Any CPU
		{7F5EA7C5-EEE2-48F2-99F2-2D409A6D4229}.Debug|Any CPU.Build.0 = Debug|Any CPU
		{7F5EA7C5-EEE2-48F2-99F2-2D409A6D4229}.Release|Any CPU.ActiveCfg = Release|Any CPU
		{7F5EA7C5-EEE2-48F2-99F2-2D409A6D4229}.Release|Any CPU.Build.0 = Release|Any CPU
	EndGlobalSection
	GlobalSection(SolutionProperties) = preSolution
		HideSolutionNode = FALSE
	EndGlobalSection
	GlobalSection(ExtensibilityGlobals) = postSolution
		SolutionGuid = {AA15EE6B-FC39-4EC7-B523-808D55B6D0CB}
	EndGlobalSection
EndGlobal
